
Microsoft Visual Studio Solution File, Format Version 12.00
# Visual Studio Version 17
VisualStudioVersion = 17.5.33530.505
MinimumVisualStudioVersion = 10.0.40219.1
Project("{FAE04EC0-301F-11D3-BF4B-00C04F79EFBC}") = "Infosys", "Infosys\Infosys.csproj", "{F486FB09-5269-4A04-A6BD-8E5F1AC3A543}"
EndProject
Global
	GlobalSection(SolutionConfigurationPlatforms) = preSolution
		Debug|Any CPU = Debug|Any CPU
		Release|Any CPU = Release|Any CPU
	EndGlobalSection
	GlobalSection(ProjectConfigurationPlatforms) = postSolution
		{F486FB09-5269-4A04-A6BD-8E5F1AC3A543}.Debug|Any CPU.ActiveCfg = Debug|Any CPU
		{F486FB09-5269-4A04-A6BD-8E5F1AC3A543}.Debug|Any CPU.Build.0 = Debug|Any CPU
		{F486FB09-5269-4A04-A6BD-8E5F1AC3A543}.Release|Any CPU.ActiveCfg = Release|Any CPU
		{F486FB09-5269-4A04-A6BD-8E5F1AC3A543}.Release|Any CPU.Build.0 = Release|Any CPU
	EndGlobalSection
	GlobalSection(SolutionProperties) = preSolution
		HideSolutionNode = FALSE
	EndGlobalSection
	GlobalSection(ExtensibilityGlobals) = postSolution
		SolutionGuid = {E72C6C3E-3663-4C9B-824B-8330E1AEE939}
	EndGlobalSection
EndGlobal
